
Microsoft Visual Studio Solution File, Format Version 12.00
# Visual Studio Version 17
VisualStudioVersion = 17.11.35327.3
MinimumVisualStudioVersion = 10.0.40219.1
Project("{FAE04EC0-301F-11D3-BF4B-00C04F79EFBC}") = "Yogagym", "Yogagym.csproj", "{12415163-87AE-4780-95B1-C500A29138DF}"
EndProject
Global
	GlobalSection(SolutionConfigurationPlatforms) = preSolution
		Debug|Any CPU = Debug|Any CPU
		Release|Any CPU = Release|Any CPU
	EndGlobalSection
	GlobalSection(ProjectConfigurationPlatforms) = postSolution
		{12415163-87AE-4780-95B1-C500A29138DF}.Debug|Any CPU.ActiveCfg = Debug|Any CPU
		{12415163-87AE-4780-95B1-C500A29138DF}.Debug|Any CPU.Build.0 = Debug|Any CPU
		{12415163-87AE-4780-95B1-C500A29138DF}.Release|Any CPU.ActiveCfg = Release|Any CPU
		{12415163-87AE-4780-95B1-C500A29138DF}.Release|Any CPU.Build.0 = Release|Any CPU
	EndGlobalSection
	GlobalSection(SolutionProperties) = preSolution
		HideSolutionNode = FALSE
	EndGlobalSection
	GlobalSection(ExtensibilityGlobals) = postSolution
		SolutionGuid = {797BACD8-7746-45B7-B785-A9302B70DF02}
	EndGlobalSection
EndGlobal
